
Microsoft Visual Studio Solution File, Format Version 12.00
# Visual Studio Version 17
VisualStudioVersion = 17.0.31903.59
MinimumVisualStudioVersion = 10.0.40219.1
Project("{2150E333-8FDC-42A3-9474-1A3956D46DE8}") = "src", "src", "{827E0CD3-B72D-47B6-A68D-7590B98EB39B}"
EndProject
Project("{FAE04EC0-301F-11D3-BF4B-00C04F79EFBC}") = "SmartCampus.Domain", "src\SmartCampus.Domain\SmartCampus.Domain.csproj", "{940C5D88-D022-4F59-B076-CEDADD8D1189}"
EndProject
Project("{FAE04EC0-301F-11D3-BF4B-00C04F79EFBC}") = "SmartCampus.Application", "src\SmartCampus.Application\SmartCampus.Application.csproj", "{C3A964F0-31D7-4AB1-B505-836B69DBC343}"
EndProject
Project("{FAE04EC0-301F-11D3-BF4B-00C04F79EFBC}") = "SmartCampus.Configuration", "src\SmartCampus.Configuration\SmartCampus.Configuration.csproj", "{200E1112-02D2-459D-94D4-15EDA8070F10}"
EndProject
Project("{FAE04EC0-301F-11D3-BF4B-00C04F79EFBC}") = "SmartCampus.Infrastructure", "src\SmartCampus.Infrastructure\SmartCampus.Infrastructure.csproj", "{82141FAF-1256-49AA-B0CC-A1379AE982FB}"
EndProject
Project("{FAE04EC0-301F-11D3-BF4B-00C04F79EFBC}") = "SmartCampus.Api", "src\SmartCampus.Api\SmartCampus.Api.csproj", "{AA1E4338-0D67-4D59-B57E-9EE4C58794F8}"
EndProject
Project("{2150E333-8FDC-42A3-9474-1A3956D46DE8}") = "tests", "tests", "{0AB3BF05-4346-4AA6-1389-037BE0695223}"
EndProject
Project("{FAE04EC0-301F-11D3-BF4B-00C04F79EFBC}") = "SmartCampus.Domain.Tests", "tests\SmartCampus.Domain.Tests\SmartCampus.Domain.Tests.csproj", "{AB60CAE4-5A08-4A3D-A021-A32957427D85}"
EndProject
Project("{FAE04EC0-301F-11D3-BF4B-00C04F79EFBC}") = "SmartCampus.Application.Tests", "tests\SmartCampus.Application.Tests\SmartCampus.Application.Tests.csproj", "{B49BB93C-A00E-400C-9D21-10FA84696D31}"
EndProject
Project("{FAE04EC0-301F-11D3-BF4B-00C04F79EFBC}") = "SmartCampus.Api.IntegrationTests", "tests\SmartCampus.Api.IntegrationTests\SmartCampus.Api.IntegrationTests.csproj", "{0BCD737F-1719-4E67-846C-8035C7730A5A}"
EndProject
Global
	GlobalSection(SolutionConfigurationPlatforms) = preSolution
		Debug|Any CPU = Debug|Any CPU
		Debug|x64 = Debug|x64
		Debug|x86 = Debug|x86
		Release|Any CPU = Release|Any CPU
		Release|x64 = Release|x64
		Release|x86 = Release|x86
	EndGlobalSection
	GlobalSection(ProjectConfigurationPlatforms) = postSolution
		{940C5D88-D022-4F59-B076-CEDADD8D1189}.Debug|Any CPU.ActiveCfg = Debug|Any CPU
		{940C5D88-D022-4F59-B076-CEDADD8D1189}.Debug|Any CPU.Build.0 = Debug|Any CPU
		{940C5D88-D022-4F59-B076-CEDADD8D1189}.Debug|x64.ActiveCfg = Debug|Any CPU
		{940C5D88-D022-4F59-B076-CEDADD8D1189}.Debug|x64.Build.0 = Debug|Any CPU
		{940C5D88-D022-4F59-B076-CEDADD8D1189}.Debug|x86.ActiveCfg = Debug|Any CPU
		{940C5D88-D022-4F59-B076-CEDADD8D1189}.Debug|x86.Build.0 = Debug|Any CPU
		{940C5D88-D022-4F59-B076-CEDADD8D1189}.Release|Any CPU.ActiveCfg = Release|Any CPU
		{940C5D88-D022-4F59-B076-CEDADD8D1189}.Release|Any CPU.Build.0 = Release|Any CPU
		{940C5D88-D022-4F59-B076-CEDADD8D1189}.Release|x64.ActiveCfg = Release|Any CPU
		{940C5D88-D022-4F59-B076-CEDADD8D1189}.Release|x64.Build.0 = Release|Any CPU
		{940C5D88-D022-4F59-B076-CEDADD8D1189}.Release|x86.ActiveCfg = Release|Any CPU
		{940C5D88-D022-4F59-B076-CEDADD8D1189}.Release|x86.Build.0 = Release|Any CPU
		{C3A964F0-31D7-4AB1-B505-836B69DBC343}.Debug|Any CPU.ActiveCfg = Debug|Any CPU
		{C3A964F0-31D7-4AB1-B505-836B69DBC343}.Debug|Any CPU.Build.0 = Debug|Any CPU
		{C3A964F0-31D7-4AB1-B505-836B69DBC343}.Debug|x64.ActiveCfg = Debug|Any CPU
		{C3A964F0-31D7-4AB1-B505-836B69DBC343}.Debug|x64.Build.0 = Debug|Any CPU
		{C3A964F0-31D7-4AB1-B505-836B69DBC343}.Debug|x86.ActiveCfg = Debug|Any CPU
		{C3A964F0-31D7-4AB1-B505-836B69DBC343}.Debug|x86.Build.0 = Debug|Any CPU
		{C3A964F0-31D7-4AB1-B505-836B69DBC343}.Release|Any CPU.ActiveCfg = Release|Any CPU
		{C3A964F0-31D7-4AB1-B505-836B69DBC343}.Release|Any CPU.Build.0 = Release|Any CPU
		{C3A964F0-31D7-4AB1-B505-836B69DBC343}.Release|x64.ActiveCfg = Release|Any CPU
		{C3A964F0-31D7-4AB1-B505-836B69DBC343}.Release|x64.Build.0 = Release|Any CPU
		{C3A964F0-31D7-4AB1-B505-836B69DBC343}.Release|x86.ActiveCfg = Release|Any CPU
		{C3A964F0-31D7-4AB1-B505-836B69DBC343}.Release|x86.Build.0 = Release|Any CPU
		{200E1112-02D2-459D-94D4-15EDA8070F10}.Debug|Any CPU.ActiveCfg = Debug|Any CPU
		{200E1112-02D2-459D-94D4-15EDA8070F10}.Debug|Any CPU.Build.0 = Debug|Any CPU
		{200E1112-02D2-459D-94D4-15EDA8070F10}.Debug|x64.ActiveCfg = Debug|Any CPU
		{200E1112-02D2-459D-94D4-15EDA8070F10}.Debug|x64.Build.0 = Debug|Any CPU
		{200E1112-02D2-459D-94D4-15EDA8070F10}.Debug|x86.ActiveCfg = Debug|Any CPU
		{200E1112-02D2-459D-94D4-15EDA8070F10}.Debug|x86.Build.0 = Debug|Any CPU
		{200E1112-02D2-459D-94D4-15EDA8070F10}.Release|Any CPU.ActiveCfg = Release|Any CPU
		{200E1112-02D2-459D-94D4-15EDA8070F10}.Release|Any CPU.Build.0 = Release|Any CPU
		{200E1112-02D2-459D-94D4-15EDA8070F10}.Release|x64.ActiveCfg = Release|Any CPU
		{200E1112-02D2-459D-94D4-15EDA8070F10}.Release|x64.Build.0 = Release|Any CPU
		{200E1112-02D2-459D-94D4-15EDA8070F10}.Release|x86.ActiveCfg = Release|Any CPU
		{200E1112-02D2-459D-94D4-15EDA8070F10}.Release|x86.Build.0 = Release|Any CPU
		{82141FAF-1256-49AA-B0CC-A1379AE982FB}.Debug|Any CPU.ActiveCfg = Debug|Any CPU
		{82141FAF-1256-49AA-B0CC-A1379AE982FB}.Debug|Any CPU.Build.0 = Debug|Any CPU
		{82141FAF-1256-49AA-B0CC-A1379AE982FB}.Debug|x64.ActiveCfg = Debug|Any CPU
		{82141FAF-1256-49AA-B0CC-A1379AE982FB}.Debug|x64.Build.0 = Debug|Any CPU
		{82141FAF-1256-49AA-B0CC-A1379AE982FB}.Debug|x86.ActiveCfg = Debug|Any CPU
		{82141FAF-1256-49AA-B0CC-A1379AE982FB}.Debug|x86.Build.0 = Debug|Any CPU
		{82141FAF-1256-49AA-B0CC-A1379AE982FB}.Release|Any CPU.ActiveCfg = Release|Any CPU
		{82141FAF-1256-49AA-B0CC-A1379AE982FB}.Release|Any CPU.Build.0 = Release|Any CPU
		{82141FAF-1256-49AA-B0CC-A1379AE982FB}.Release|x64.ActiveCfg = Release|Any CPU
		{82141FAF-1256-49AA-B0CC-A1379AE982FB}.Release|x64.Build.0 = Release|Any CPU
		{82141FAF-1256-49AA-B0CC-A1379AE982FB}.Release|x86.ActiveCfg = Release|Any CPU
		{82141FAF-1256-49AA-B0CC-A1379AE982FB}.Release|x86.Build.0 = Release|Any CPU
		{AA1E4338-0D67-4D59-B57E-9EE4C58794F8}.Debug|Any CPU.ActiveCfg = Debug|Any CPU
		{AA1E4338-0D67-4D59-B57E-9EE4C58794F8}.Debug|Any CPU.Build.0 = Debug|Any CPU
		{AA1E4338-0D67-4D59-B57E-9EE4C58794F8}.Debug|x64.ActiveCfg = Debug|Any CPU
		{AA1E4338-0D67-4D59-B57E-9EE4C58794F8}.Debug|x64.Build.0 = Debug|Any CPU
		{AA1E4338-0D67-4D59-B57E-9EE4C58794F8}.Debug|x86.ActiveCfg = Debug|Any CPU
		{AA1E4338-0D67-4D59-B57E-9EE4C58794F8}.Debug|x86.Build.0 = Debug|Any CPU
		{AA1E4338-0D67-4D59-B57E-9EE4C58794F8}.Release|Any CPU.ActiveCfg = Release|Any CPU
		{AA1E4338-0D67-4D59-B57E-9EE4C58794F8}.Release|Any CPU.Build.0 = Release|Any CPU
		{AA1E4338-0D67-4D59-B57E-9EE4C58794F8}.Release|x64.ActiveCfg = Release|Any CPU
		{AA1E4338-0D67-4D59-B57E-9EE4C58794F8}.Release|x64.Build.0 = Release|Any CPU
		{AA1E4338-0D67-4D59-B57E-9EE4C58794F8}.Release|x86.ActiveCfg = Release|Any CPU
		{AA1E4338-0D67-4D59-B57E-9EE4C58794F8}.Release|x86.Build.0 = Release|Any CPU
		{AB60CAE4-5A08-4A3D-A021-A32957427D85}.Debug|Any CPU.ActiveCfg = Debug|Any CPU
		{AB60CAE4-5A08-4A3D-A021-A32957427D85}.Debug|Any CPU.Build.0 = Debug|Any CPU
		{AB60CAE4-5A08-4A3D-A021-A32957427D85}.Debug|x64.ActiveCfg = Debug|Any CPU
		{AB60CAE4-5A08-4A3D-A021-A32957427D85}.Debug|x64.Build.0 = Debug|Any CPU
		{AB60CAE4-5A08-4A3D-A021-A32957427D85}.Debug|x86.ActiveCfg = Debug|Any CPU
		{AB60CAE4-5A08-4A3D-A021-A32957427D85}.Debug|x86.Build.0 = Debug|Any CPU
		{AB60CAE4-5A08-4A3D-A021-A32957427D85}.Release|Any CPU.ActiveCfg = Release|Any CPU
		{AB60CAE4-5A08-4A3D-A021-A32957427D85}.Release|Any CPU.Build.0 = Release|Any CPU
		{AB60CAE4-5A08-4A3D-A021-A32957427D85}.Release|x64.ActiveCfg = Release|Any CPU
		{AB60CAE4-5A08-4A3D-A021-A32957427D85}.Release|x64.Build.0 = Release|Any CPU
		{AB60CAE4-5A08-4A3D-A021-A32957427D85}.Release|x86.ActiveCfg = Release|Any CPU
		{AB60CAE4-5A08-4A3D-A021-A32957427D85}.Release|x86.Build.0 = Release|Any CPU
		{B49BB93C-A00E-400C-9D21-10FA84696D31}.Debug|Any CPU.ActiveCfg = Debug|Any CPU
		{B49BB93C-A00E-400C-9D21-10FA84696D31}.Debug|Any CPU.Build.0 = Debug|Any CPU
		{B49BB93C-A00E-400C-9D21-10FA84696D31}.Debug|x64.ActiveCfg = Debug|Any CPU
		{B49BB93C-A00E-400C-9D21-10FA84696D31}.Debug|x64.Build.0 = Debug|Any CPU
		{B49BB93C-A00E-400C-9D21-10FA84696D31}.Debug|x86.ActiveCfg = Debug|Any CPU
		{B49BB93C-A00E-400C-9D21-10FA84696D31}.Debug|x86.Build.0 = Debug|Any CPU
		{B49BB93C-A00E-400C-9D21-10FA84696D31}.Release|Any CPU.ActiveCfg = Release|Any CPU
		{B49BB93C-A00E-400C-9D21-10FA84696D31}.Release|Any CPU.Build.0 = Release|Any CPU
		{B49BB93C-A00E-400C-9D21-10FA84696D31}.Release|x64.ActiveCfg = Release|Any CPU
		{B49BB93C-A00E-400C-9D21-10FA84696D31}.Release|x64.Build.0 = Release|Any CPU
		{B49BB93C-A00E-400C-9D21-10FA84696D31}.Release|x86.ActiveCfg = Release|Any CPU
		{B49BB93C-A00E-400C-9D21-10FA84696D31}.Release|x86.Build.0 = Release|Any CPU
		{0BCD737F-1719-4E67-846C-8035C7730A5A}.Debug|Any CPU.ActiveCfg = Debug|Any CPU
		{0BCD737F-1719-4E67-846C-8035C7730A5A}.Debug|Any CPU.Build.0 = Debug|Any CPU
		{0BCD737F-1719-4E67-846C-8035C7730A5A}.Debug|x64.ActiveCfg = Debug|Any CPU
		{0BCD737F-1719-4E67-846C-8035C7730A5A}.Debug|x64.Build.0 = Debug|Any CPU
		{0BCD737F-1719-4E67-846C-8035C7730A5A}.Debug|x86.ActiveCfg = Debug|Any CPU
		{0BCD737F-1719-4E67-846C-8035C7730A5A}.Debug|x86.Build.0 = Debug|Any CPU
		{0BCD737F-1719-4E67-846C-8035C7730A5A}.Release|Any CPU.ActiveCfg = Release|Any CPU
		{0BCD737F-1719-4E67-846C-8035C7730A5A}.Release|Any CPU.Build.0 = Release|Any CPU
		{0BCD737F-1719-4E67-846C-8035C7730A5A}.Release|x64.ActiveCfg = Release|Any CPU
		{0BCD737F-1719-4E67-846C-8035C7730A5A}.Release|x64.Build.0 = Release|Any CPU
		{0BCD737F-1719-4E67-846C-8035C7730A5A}.Release|x86.ActiveCfg = Release|Any CPU
		{0BCD737F-1719-4E67-846C-8035C7730A5A}.Release|x86.Build.0 = Release|Any CPU
	EndGlobalSection
	GlobalSection(SolutionProperties) = preSolution
		HideSolutionNode = FALSE
	EndGlobalSection
	GlobalSection(NestedProjects) = preSolution
		{940C5D88-D022-4F59-B076-CEDADD8D1189} = {827E0CD3-B72D-47B6-A68D-7590B98EB39B}
		{C3A964F0-31D7-4AB1-B505-836B69DBC343} = {827E0CD3-B72D-47B6-A68D-7590B98EB39B}
		{200E1112-02D2-459D-94D4-15EDA8070F10} = {827E0CD3-B72D-47B6-A68D-7590B98EB39B}
		{82141FAF-1256-49AA-B0CC-A1379AE982FB} = {827E0CD3-B72D-47B6-A68D-7590B98EB39B}
		{AA1E4338-0D67-4D59-B57E-9EE4C58794F8} = {827E0CD3-B72D-47B6-A68D-7590B98EB39B}
		{AB60CAE4-5A08-4A3D-A021-A32957427D85} = {0AB3BF05-4346-4AA6-1389-037BE0695223}
		{B49BB93C-A00E-400C-9D21-10FA84696D31} = {0AB3BF05-4346-4AA6-1389-037BE0695223}
		{0BCD737F-1719-4E67-846C-8035C7730A5A} = {0AB3BF05-4346-4AA6-1389-037BE0695223}
	EndGlobalSection
EndGlobal
